
Microsoft Visual Studio Solution File, Format Version 12.00
# Visual Studio Version 16
VisualStudioVersion = 16.0.29102.190
MinimumVisualStudioVersion = 10.0.40219.1
Project("{FAE04EC0-301F-11D3-BF4B-00C04F79EFBC}") = "ClicarApp2.Android", "ClicarApp2\ClicarApp2.Android\ClicarApp2.Android.csproj", "{13A9A7A5-1C56-4893-9837-F63D8DC404D3}"
EndProject
Project("{FAE04EC0-301F-11D3-BF4B-00C04F79EFBC}") = "ClicarApp2.iOS", "ClicarApp2\ClicarApp2.iOS\ClicarApp2.iOS.csproj", "{42A818EB-BC91-42EF-BCC8-F7E3E650955C}"
EndProject
Project("{FAE04EC0-301F-11D3-BF4B-00C04F79EFBC}") = "ClicarApp2", "ClicarApp2\ClicarApp2\ClicarApp2.csproj", "{485A592D-B519-46E8-8675-F97075DE7C08}"
EndProject
Global
	GlobalSection(SolutionConfigurationPlatforms) = preSolution
		Debug|Any CPU = Debug|Any CPU
		Debug|iPhone = Debug|iPhone
		Debug|iPhoneSimulator = Debug|iPhoneSimulator
		Release|Any CPU = Release|Any CPU
		Release|iPhone = Release|iPhone
		Release|iPhoneSimulator = Release|iPhoneSimulator
	EndGlobalSection
	GlobalSection(ProjectConfigurationPlatforms) = postSolution
		{13A9A7A5-1C56-4893-9837-F63D8DC404D3}.Debug|Any CPU.ActiveCfg = Debug|Any CPU
		{13A9A7A5-1C56-4893-9837-F63D8DC404D3}.Debug|Any CPU.Build.0 = Debug|Any CPU
		{13A9A7A5-1C56-4893-9837-F63D8DC404D3}.Debug|Any CPU.Deploy.0 = Debug|Any CPU
		{13A9A7A5-1C56-4893-9837-F63D8DC404D3}.Debug|iPhone.ActiveCfg = Debug|Any CPU
		{13A9A7A5-1C56-4893-9837-F63D8DC404D3}.Debug|iPhone.Build.0 = Debug|Any CPU
		{13A9A7A5-1C56-4893-9837-F63D8DC404D3}.Debug|iPhone.Deploy.0 = Debug|Any CPU
		{13A9A7A5-1C56-4893-9837-F63D8DC404D3}.Debug|iPhoneSimulator.ActiveCfg = Debug|Any CPU
		{13A9A7A5-1C56-4893-9837-F63D8DC404D3}.Debug|iPhoneSimulator.Build.0 = Debug|Any CPU
		{13A9A7A5-1C56-4893-9837-F63D8DC404D3}.Debug|iPhoneSimulator.Deploy.0 = Debug|Any CPU
		{13A9A7A5-1C56-4893-9837-F63D8DC404D3}.Release|Any CPU.ActiveCfg = Release|Any CPU
		{13A9A7A5-1C56-4893-9837-F63D8DC404D3}.Release|Any CPU.Build.0 = Release|Any CPU
		{13A9A7A5-1C56-4893-9837-F63D8DC404D3}.Release|Any CPU.Deploy.0 = Release|Any CPU
		{13A9A7A5-1C56-4893-9837-F63D8DC404D3}.Release|iPhone.ActiveCfg = Release|Any CPU
		{13A9A7A5-1C56-4893-9837-F63D8DC404D3}.Release|iPhone.Build.0 = Release|Any CPU
		{13A9A7A5-1C56-4893-9837-F63D8DC404D3}.Release|iPhone.Deploy.0 = Release|Any CPU
		{13A9A7A5-1C56-4893-9837-F63D8DC404D3}.Release|iPhoneSimulator.ActiveCfg = Release|Any CPU
		{13A9A7A5-1C56-4893-9837-F63D8DC404D3}.Release|iPhoneSimulator.Build.0 = Release|Any CPU
		{13A9A7A5-1C56-4893-9837-F63D8DC404D3}.Release|iPhoneSimulator.Deploy.0 = Release|Any CPU
		{42A818EB-BC91-42EF-BCC8-F7E3E650955C}.Debug|Any CPU.ActiveCfg = Debug|iPhoneSimulator
		{42A818EB-BC91-42EF-BCC8-F7E3E650955C}.Debug|Any CPU.Build.0 = Debug|iPhoneSimulator
		{42A818EB-BC91-42EF-BCC8-F7E3E650955C}.Debug|Any CPU.Deploy.0 = Debug|iPhoneSimulator
		{42A818EB-BC91-42EF-BCC8-F7E3E650955C}.Debug|iPhone.ActiveCfg = Debug|iPhone
		{42A818EB-BC91-42EF-BCC8-F7E3E650955C}.Debug|iPhone.Build.0 = Debug|iPhone
		{42A818EB-BC91-42EF-BCC8-F7E3E650955C}.Debug|iPhone.Deploy.0 = Debug|iPhone
		{42A818EB-BC91-42EF-BCC8-F7E3E650955C}.Debug|iPhoneSimulator.ActiveCfg = Debug|iPhoneSimulator
		{42A818EB-BC91-42EF-BCC8-F7E3E650955C}.Debug|iPhoneSimulator.Build.0 = Debug|iPhoneSimulator
		{42A818EB-BC91-42EF-BCC8-F7E3E650955C}.Debug|iPhoneSimulator.Deploy.0 = Debug|iPhoneSimulator
		{42A818EB-BC91-42EF-BCC8-F7E3E650955C}.Release|Any CPU.ActiveCfg = Release|iPhone
		{42A818EB-BC91-42EF-BCC8-F7E3E650955C}.Release|Any CPU.Build.0 = Release|iPhone
		{42A818EB-BC91-42EF-BCC8-F7E3E650955C}.Release|Any CPU.Deploy.0 = Release|iPhone
		{42A818EB-BC91-42EF-BCC8-F7E3E650955C}.Release|iPhone.ActiveCfg = Release|iPhone
		{42A818EB-BC91-42EF-BCC8-F7E3E650955C}.Release|iPhone.Build.0 = Release|iPhone
		{42A818EB-BC91-42EF-BCC8-F7E3E650955C}.Release|iPhone.Deploy.0 = Release|iPhone
		{42A818EB-BC91-42EF-BCC8-F7E3E650955C}.Release|iPhoneSimulator.ActiveCfg = Release|iPhoneSimulator
		{42A818EB-BC91-42EF-BCC8-F7E3E650955C}.Release|iPhoneSimulator.Build.0 = Release|iPhoneSimulator
		{42A818EB-BC91-42EF-BCC8-F7E3E650955C}.Release|iPhoneSimulator.Deploy.0 = Release|iPhoneSimulator
		{485A592D-B519-46E8-8675-F97075DE7C08}.Debug|Any CPU.ActiveCfg = Debug|Any CPU
		{485A592D-B519-46E8-8675-F97075DE7C08}.Debug|Any CPU.Build.0 = Debug|Any CPU
		{485A592D-B519-46E8-8675-F97075DE7C08}.Debug|Any CPU.Deploy.0 = Debug|Any CPU
		{485A592D-B519-46E8-8675-F97075DE7C08}.Debug|iPhone.ActiveCfg = Debug|Any CPU
		{485A592D-B519-46E8-8675-F97075DE7C08}.Debug|iPhone.Build.0 = Debug|Any CPU
		{485A592D-B519-46E8-8675-F97075DE7C08}.Debug|iPhone.Deploy.0 = Debug|Any CPU
		{485A592D-B519-46E8-8675-F97075DE7C08}.Debug|iPhoneSimulator.ActiveCfg = Debug|Any CPU
		{485A592D-B519-46E8-8675-F97075DE7C08}.Debug|iPhoneSimulator.Build.0 = Debug|Any CPU
		{485A592D-B519-46E8-8675-F97075DE7C08}.Debug|iPhoneSimulator.Deploy.0 = Debug|Any CPU
		{485A592D-B519-46E8-8675-F97075DE7C08}.Release|Any CPU.ActiveCfg = Release|Any CPU
		{485A592D-B519-46E8-8675-F97075DE7C08}.Release|Any CPU.Build.0 = Release|Any CPU
		{485A592D-B519-46E8-8675-F97075DE7C08}.Release|Any CPU.Deploy.0 = Release|Any CPU
		{485A592D-B519-46E8-8675-F97075DE7C08}.Release|iPhone.ActiveCfg = Release|Any CPU
		{485A592D-B519-46E8-8675-F97075DE7C08}.Release|iPhone.Build.0 = Release|Any CPU
		{485A592D-B519-46E8-8675-F97075DE7C08}.Release|iPhone.Deploy.0 = Release|Any CPU
		{485A592D-B519-46E8-8675-F97075DE7C08}.Release|iPhoneSimulator.ActiveCfg = Release|Any CPU
		{485A592D-B519-46E8-8675-F97075DE7C08}.Release|iPhoneSimulator.Build.0 = Release|Any CPU
		{485A592D-B519-46E8-8675-F97075DE7C08}.Release|iPhoneSimulator.Deploy.0 = Release|Any CPU
	EndGlobalSection
	GlobalSection(SolutionProperties) = preSolution
		HideSolutionNode = FALSE
	EndGlobalSection
	GlobalSection(ExtensibilityGlobals) = postSolution
		SolutionGuid = {64927787-FAD2-42D8-95A2-EB6C056AE5E5}
	EndGlobalSection
EndGlobal
